
Microsoft Visual Studio Solution File, Format Version 12.00
Project("{2150E333-8FDC-42A3-9474-1A3956D46DE8}") = "Tests", "Tests", "{24EE8FCA-84B8-4225-A735-D7C50AAF7905}"
EndProject
Project("{FAE04EC0-301F-11D3-BF4B-00C04F79EFBC}") = "PatternsDemo.Tests.Api", "Tests\PatternsDemo.Tests.Api\PatternsDemo.Tests.Api.csproj", "{3DA2345B-7992-416E-AB8F-48DCD3B2BB9F}"
EndProject
Project("{2150E333-8FDC-42A3-9474-1A3956D46DE8}") = "Misc", "Misc", "{F9137EAE-EA48-408C-A4D1-DD1D9DDAD71D}"
ProjectSection(SolutionItems) = preProject
	Misc\README.md = Misc\README.md
EndProjectSection
EndProject
Project("{FAE04EC0-301F-11D3-BF4B-00C04F79EFBC}") = "PatternsDemo.Api", "PatternsDemo.Api\PatternsDemo.Api.csproj", "{059D008D-DDFF-4A8D-BCA4-9DE7822BDDC8}"
EndProject
Global
	GlobalSection(SolutionConfigurationPlatforms) = preSolution
		Debug|Any CPU = Debug|Any CPU
		Release|Any CPU = Release|Any CPU
	EndGlobalSection
	GlobalSection(ProjectConfigurationPlatforms) = postSolution
		{3DA2345B-7992-416E-AB8F-48DCD3B2BB9F}.Debug|Any CPU.ActiveCfg = Debug|Any CPU
		{3DA2345B-7992-416E-AB8F-48DCD3B2BB9F}.Debug|Any CPU.Build.0 = Debug|Any CPU
		{3DA2345B-7992-416E-AB8F-48DCD3B2BB9F}.Release|Any CPU.ActiveCfg = Release|Any CPU
		{3DA2345B-7992-416E-AB8F-48DCD3B2BB9F}.Release|Any CPU.Build.0 = Release|Any CPU
		{059D008D-DDFF-4A8D-BCA4-9DE7822BDDC8}.Debug|Any CPU.ActiveCfg = Debug|Any CPU
		{059D008D-DDFF-4A8D-BCA4-9DE7822BDDC8}.Debug|Any CPU.Build.0 = Debug|Any CPU
		{059D008D-DDFF-4A8D-BCA4-9DE7822BDDC8}.Release|Any CPU.ActiveCfg = Release|Any CPU
		{059D008D-DDFF-4A8D-BCA4-9DE7822BDDC8}.Release|Any CPU.Build.0 = Release|Any CPU
	EndGlobalSection
	GlobalSection(NestedProjects) = preSolution
		{3DA2345B-7992-416E-AB8F-48DCD3B2BB9F} = {24EE8FCA-84B8-4225-A735-D7C50AAF7905}
	EndGlobalSection
EndGlobal
