
Microsoft Visual Studio Solution File, Format Version 12.00
Project("{FAE04EC0-301F-11D3-BF4B-00C04F79EFBC}") = "PatternsDemo.Api", "PatternsDemo.Api\PatternsDemo.Api.csproj", "{29DF55C5-B303-4BA6-A1EB-A5141F8819B2}"
EndProject
Project("{2150E333-8FDC-42A3-9474-1A3956D46DE8}") = "Tests", "Tests", "{24EE8FCA-84B8-4225-A735-D7C50AAF7905}"
EndProject
Project("{FAE04EC0-301F-11D3-BF4B-00C04F79EFBC}") = "PatternsDemo.Tests.Api", "Tests\PatternsDemo.Tests.Api\PatternsDemo.Tests.Api.csproj", "{3DA2345B-7992-416E-AB8F-48DCD3B2BB9F}"
EndProject
Global
	GlobalSection(SolutionConfigurationPlatforms) = preSolution
		Debug|Any CPU = Debug|Any CPU
		Release|Any CPU = Release|Any CPU
	EndGlobalSection
	GlobalSection(ProjectConfigurationPlatforms) = postSolution
		{29DF55C5-B303-4BA6-A1EB-A5141F8819B2}.Debug|Any CPU.ActiveCfg = Debug|Any CPU
		{29DF55C5-B303-4BA6-A1EB-A5141F8819B2}.Debug|Any CPU.Build.0 = Debug|Any CPU
		{29DF55C5-B303-4BA6-A1EB-A5141F8819B2}.Release|Any CPU.ActiveCfg = Release|Any CPU
		{29DF55C5-B303-4BA6-A1EB-A5141F8819B2}.Release|Any CPU.Build.0 = Release|Any CPU
		{3DA2345B-7992-416E-AB8F-48DCD3B2BB9F}.Debug|Any CPU.ActiveCfg = Debug|Any CPU
		{3DA2345B-7992-416E-AB8F-48DCD3B2BB9F}.Debug|Any CPU.Build.0 = Debug|Any CPU
		{3DA2345B-7992-416E-AB8F-48DCD3B2BB9F}.Release|Any CPU.ActiveCfg = Release|Any CPU
		{3DA2345B-7992-416E-AB8F-48DCD3B2BB9F}.Release|Any CPU.Build.0 = Release|Any CPU
	EndGlobalSection
	GlobalSection(NestedProjects) = preSolution
		{3DA2345B-7992-416E-AB8F-48DCD3B2BB9F} = {24EE8FCA-84B8-4225-A735-D7C50AAF7905}
	EndGlobalSection
EndGlobal
